
Microsoft Visual Studio Solution File, Format Version 12.00
# Visual Studio 15
VisualStudioVersion = 15.0.26730.16
MinimumVisualStudioVersion = 10.0.40219.1
Project("{9A19103F-16F7-4668-BE54-9A1E7A4F7556}") = "HelloWorldDotNetify", "HelloWordDotNetify\HelloWorldDotNetify.csproj", "{D7E51312-7B64-456F-807E-53A440CDC139}"
EndProject
Project("{9A19103F-16F7-4668-BE54-9A1E7A4F7556}") = "Dotnetifiy.Messaging", "Dotnetifiy.Messaging\Dotnetifiy.Messaging.csproj", "{8BDD5E0C-E0CF-4D33-A743-E45BB8A4359F}"
EndProject
Global
	GlobalSection(SolutionConfigurationPlatforms) = preSolution
		Debug|Any CPU = Debug|Any CPU
		Release|Any CPU = Release|Any CPU
	EndGlobalSection
	GlobalSection(ProjectConfigurationPlatforms) = postSolution
		{D7E51312-7B64-456F-807E-53A440CDC139}.Debug|Any CPU.ActiveCfg = Debug|Any CPU
		{D7E51312-7B64-456F-807E-53A440CDC139}.Debug|Any CPU.Build.0 = Debug|Any CPU
		{D7E51312-7B64-456F-807E-53A440CDC139}.Release|Any CPU.ActiveCfg = Release|Any CPU
		{D7E51312-7B64-456F-807E-53A440CDC139}.Release|Any CPU.Build.0 = Release|Any CPU
		{8BDD5E0C-E0CF-4D33-A743-E45BB8A4359F}.Debug|Any CPU.ActiveCfg = Debug|Any CPU
		{8BDD5E0C-E0CF-4D33-A743-E45BB8A4359F}.Debug|Any CPU.Build.0 = Debug|Any CPU
		{8BDD5E0C-E0CF-4D33-A743-E45BB8A4359F}.Release|Any CPU.ActiveCfg = Release|Any CPU
		{8BDD5E0C-E0CF-4D33-A743-E45BB8A4359F}.Release|Any CPU.Build.0 = Release|Any CPU
	EndGlobalSection
	GlobalSection(SolutionProperties) = preSolution
		HideSolutionNode = FALSE
	EndGlobalSection
	GlobalSection(ExtensibilityGlobals) = postSolution
		SolutionGuid = {2A626801-2F00-4A3A-9E8E-52CEE28FF27E}
	EndGlobalSection
EndGlobal
